
Microsoft Visual Studio Solution File, Format Version 12.00
# Visual Studio 15
VisualStudioVersion = 15.0.27004.2009
MinimumVisualStudioVersion = 10.0.40219.1
Project("{2150E333-8FDC-42A3-9474-1A3956D46DE8}") = "src", "src", "{CF8E6E1E-D7E4-426E-8C72-EFBD727C1338}"
EndProject
Project("{2150E333-8FDC-42A3-9474-1A3956D46DE8}") = "Solution Items", "Solution Items", "{E30FC3BA-3E56-42E2-AB95-BEF0D413A24E}"
EndProject
Project("{9A19103F-16F7-4668-BE54-9A1E7A4F7556}") = "StMinaRetreat", "src\StMinaRetreat\StMinaRetreat.csproj", "{E969A7BD-C7B5-49D7-95D2-DAE90ADB7C95}"
EndProject
Project("{FAE04EC0-301F-11D3-BF4B-00C04F79EFBC}") = "FrazerAppTest", "StMinaRetreatTest\FrazerAppTest.csproj", "{B87B3AD3-D9E9-46D0-B54B-FF69BFAD28BC}"
EndProject
Global
	GlobalSection(SolutionConfigurationPlatforms) = preSolution
		Debug|Any CPU = Debug|Any CPU
		Release|Any CPU = Release|Any CPU
	EndGlobalSection
	GlobalSection(ProjectConfigurationPlatforms) = postSolution
		{E969A7BD-C7B5-49D7-95D2-DAE90ADB7C95}.Debug|Any CPU.ActiveCfg = Debug|Any CPU
		{E969A7BD-C7B5-49D7-95D2-DAE90ADB7C95}.Debug|Any CPU.Build.0 = Debug|Any CPU
		{E969A7BD-C7B5-49D7-95D2-DAE90ADB7C95}.Release|Any CPU.ActiveCfg = Release|Any CPU
		{E969A7BD-C7B5-49D7-95D2-DAE90ADB7C95}.Release|Any CPU.Build.0 = Release|Any CPU
		{B87B3AD3-D9E9-46D0-B54B-FF69BFAD28BC}.Debug|Any CPU.ActiveCfg = Debug|Any CPU
		{B87B3AD3-D9E9-46D0-B54B-FF69BFAD28BC}.Debug|Any CPU.Build.0 = Debug|Any CPU
		{B87B3AD3-D9E9-46D0-B54B-FF69BFAD28BC}.Release|Any CPU.ActiveCfg = Release|Any CPU
		{B87B3AD3-D9E9-46D0-B54B-FF69BFAD28BC}.Release|Any CPU.Build.0 = Release|Any CPU
	EndGlobalSection
	GlobalSection(SolutionProperties) = preSolution
		HideSolutionNode = FALSE
	EndGlobalSection
	GlobalSection(NestedProjects) = preSolution
		{E969A7BD-C7B5-49D7-95D2-DAE90ADB7C95} = {CF8E6E1E-D7E4-426E-8C72-EFBD727C1338}
	EndGlobalSection
	GlobalSection(ExtensibilityGlobals) = postSolution
		SolutionGuid = {FA4187CB-EEC2-44B3-BF0F-7603F6B3A42F}
	EndGlobalSection
EndGlobal
